
Microsoft Visual Studio Solution File, Format Version 12.00
# Visual Studio 15
VisualStudioVersion = 15.0.27130.2010
MinimumVisualStudioVersion = 10.0.40219.1
Project("{FAE04EC0-301F-11D3-BF4B-00C04F79EFBC}") = "GuessANumber", "GuessANumber\GuessANumber.csproj", "{9E7A7168-C1C1-48DF-8141-EA0588D8A7CF}"
EndProject
Global
	GlobalSection(SolutionConfigurationPlatforms) = preSolution
		Debug|Any CPU = Debug|Any CPU
		Release|Any CPU = Release|Any CPU
	EndGlobalSection
	GlobalSection(ProjectConfigurationPlatforms) = postSolution
		{9E7A7168-C1C1-48DF-8141-EA0588D8A7CF}.Debug|Any CPU.ActiveCfg = Debug|Any CPU
		{9E7A7168-C1C1-48DF-8141-EA0588D8A7CF}.Debug|Any CPU.Build.0 = Debug|Any CPU
		{9E7A7168-C1C1-48DF-8141-EA0588D8A7CF}.Release|Any CPU.ActiveCfg = Release|Any CPU
		{9E7A7168-C1C1-48DF-8141-EA0588D8A7CF}.Release|Any CPU.Build.0 = Release|Any CPU
	EndGlobalSection
	GlobalSection(SolutionProperties) = preSolution
		HideSolutionNode = FALSE
	EndGlobalSection
	GlobalSection(ExtensibilityGlobals) = postSolution
		SolutionGuid = {4B5A5CC1-D815-4224-8D0C-1E258485889E}
	EndGlobalSection
EndGlobal
